
Microsoft Visual Studio Solution File, Format Version 12.00
# Visual Studio Version 16
VisualStudioVersion = 16.0.30413.136
MinimumVisualStudioVersion = 10.0.40219.1
Project("{FAE04EC0-301F-11D3-BF4B-00C04F79EFBC}") = "CustomListTestProject", "CustomListTestProject\CustomListTestProject.csproj", "{FE6E4A0E-2FAD-4829-ACC1-37C070EA82C7}"
EndProject
Project("{FAE04EC0-301F-11D3-BF4B-00C04F79EFBC}") = "CustomClassListT", "CustomClassListT\CustomClassListT.csproj", "{397F00B5-D78C-44A2-AF72-30E2B4721F2B}"
EndProject
Global
	GlobalSection(SolutionConfigurationPlatforms) = preSolution
		Debug|Any CPU = Debug|Any CPU
		Release|Any CPU = Release|Any CPU
	EndGlobalSection
	GlobalSection(ProjectConfigurationPlatforms) = postSolution
		{FE6E4A0E-2FAD-4829-ACC1-37C070EA82C7}.Debug|Any CPU.ActiveCfg = Debug|Any CPU
		{FE6E4A0E-2FAD-4829-ACC1-37C070EA82C7}.Debug|Any CPU.Build.0 = Debug|Any CPU
		{FE6E4A0E-2FAD-4829-ACC1-37C070EA82C7}.Release|Any CPU.ActiveCfg = Release|Any CPU
		{FE6E4A0E-2FAD-4829-ACC1-37C070EA82C7}.Release|Any CPU.Build.0 = Release|Any CPU
		{397F00B5-D78C-44A2-AF72-30E2B4721F2B}.Debug|Any CPU.ActiveCfg = Debug|Any CPU
		{397F00B5-D78C-44A2-AF72-30E2B4721F2B}.Debug|Any CPU.Build.0 = Debug|Any CPU
		{397F00B5-D78C-44A2-AF72-30E2B4721F2B}.Release|Any CPU.ActiveCfg = Release|Any CPU
		{397F00B5-D78C-44A2-AF72-30E2B4721F2B}.Release|Any CPU.Build.0 = Release|Any CPU
	EndGlobalSection
	GlobalSection(SolutionProperties) = preSolution
		HideSolutionNode = FALSE
	EndGlobalSection
	GlobalSection(ExtensibilityGlobals) = postSolution
		SolutionGuid = {E2A02447-ABCE-4E20-BB97-25605851B3C0}
	EndGlobalSection
EndGlobal
